
Microsoft Visual Studio Solution File, Format Version 12.00
# Visual Studio Version 17
VisualStudioVersion = 17.7.34031.279
MinimumVisualStudioVersion = 10.0.40219.1
Project("{FAE04EC0-301F-11D3-BF4B-00C04F79EFBC}") = "MauiApp1", "MauiApp1\MauiApp1.csproj", "{A0177742-358E-4CDC-950D-1A36183215B8}"
EndProject
Global
	GlobalSection(SolutionConfigurationPlatforms) = preSolution
		Debug|Any CPU = Debug|Any CPU
		Release|Any CPU = Release|Any CPU
	EndGlobalSection
	GlobalSection(ProjectConfigurationPlatforms) = postSolution
		{A0177742-358E-4CDC-950D-1A36183215B8}.Debug|Any CPU.ActiveCfg = Debug|Any CPU
		{A0177742-358E-4CDC-950D-1A36183215B8}.Debug|Any CPU.Build.0 = Debug|Any CPU
		{A0177742-358E-4CDC-950D-1A36183215B8}.Debug|Any CPU.Deploy.0 = Debug|Any CPU
		{A0177742-358E-4CDC-950D-1A36183215B8}.Release|Any CPU.ActiveCfg = Release|Any CPU
		{A0177742-358E-4CDC-950D-1A36183215B8}.Release|Any CPU.Build.0 = Release|Any CPU
		{A0177742-358E-4CDC-950D-1A36183215B8}.Release|Any CPU.Deploy.0 = Release|Any CPU
	EndGlobalSection
	GlobalSection(SolutionProperties) = preSolution
		HideSolutionNode = FALSE
	EndGlobalSection
	GlobalSection(ExtensibilityGlobals) = postSolution
		SolutionGuid = {26EFC39B-15FE-4F54-BE6F-3DC402A1C5BA}
	EndGlobalSection
EndGlobal
